// !$*UTF8*$!
{
	archiveVersion = 1;
	classes = {
	};
	objectVersion = 46;
	objects = {

/* Begin PBXBuildFile section */
		3516DF141D9F13AB00A7EAAC /* FeedVC.swift in Sources */ = {isa = PBXBuildFile; fileRef = 3516DF131D9F13AB00A7EAAC /* FeedVC.swift */; };
		3516DF161D9F720B00A7EAAC /* CircleView.swift in Sources */ = {isa = PBXBuildFile; fileRef = 3516DF151D9F720B00A7EAAC /* CircleView.swift */; };
		3516DF181DA0762300A7EAAC /* PostCell.swift in Sources */ = {isa = PBXBuildFile; fileRef = 3516DF171DA0762300A7EAAC /* PostCell.swift */; };
		356902E91D91FCAC00BDC1AA /* AppDelegate.swift in Sources */ = {isa = PBXBuildFile; fileRef = 356902E81D91FCAC00BDC1AA /* AppDelegate.swift */; };
		356902EB1D91FCAC00BDC1AA /* SignInVC.swift in Sources */ = {isa = PBXBuildFile; fileRef = 356902EA1D91FCAC00BDC1AA /* SignInVC.swift */; };
		356902EE1D91FCAC00BDC1AA /* Main.storyboard in Resources */ = {isa = PBXBuildFile; fileRef = 356902EC1D91FCAC00BDC1AA /* Main.storyboard */; };
		356902F01D91FCAC00BDC1AA /* Assets.xcassets in Resources */ = {isa = PBXBuildFile; fileRef = 356902EF1D91FCAC00BDC1AA /* Assets.xcassets */; };
		356902F31D91FCAC00BDC1AA /* LaunchScreen.storyboard in Resources */ = {isa = PBXBuildFile; fileRef = 356902F11D91FCAC00BDC1AA /* LaunchScreen.storyboard */; };
		356902FB1D91FCE800BDC1AA /* GoogleService-Info.plist in Resources */ = {isa = PBXBuildFile; fileRef = 356902FA1D91FCE800BDC1AA /* GoogleService-Info.plist */; };
		356903011D92341C00BDC1AA /* FancyView.swift in Sources */ = {isa = PBXBuildFile; fileRef = 356903001D92341C00BDC1AA /* FancyView.swift */; };
		356903041D9234DA00BDC1AA /* Constants.swift in Sources */ = {isa = PBXBuildFile; fileRef = 356903031D9234DA00BDC1AA /* Constants.swift */; };
		356903061D9236DC00BDC1AA /* FacebookButton.swift in Sources */ = {isa = PBXBuildFile; fileRef = 356903051D9236DC00BDC1AA /* FacebookButton.swift */; };
		356903081D92388800BDC1AA /* FancyField.swift in Sources */ = {isa = PBXBuildFile; fileRef = 356903071D92388800BDC1AA /* FancyField.swift */; };
		3569030A1D923A3700BDC1AA /* FancyButton.swift in Sources */ = {isa = PBXBuildFile; fileRef = 356903091D923A3700BDC1AA /* FancyButton.swift */; };
		EC440C27F65D28B7E4422D29 /* Pods_HypeSocial.framework in Frameworks */ = {isa = PBXBuildFile; fileRef = D7CAB89A285F1B5ECF224246 /* Pods_HypeSocial.framework */; };
/* End PBXBuildFile section */

/* Begin PBXFileReference section */
		0EDACDD3DA4312D8CF30320B /* Pods-HypeSocial.debug.xcconfig */ = {isa = PBXFileReference; includeInIndex = 1; lastKnownFileType = text.xcconfig; name = "Pods-HypeSocial.debug.xcconfig"; path = "Pods/Target Support Files/Pods-HypeSocial/Pods-HypeSocial.debug.xcconfig"; sourceTree = "<group>"; };
		3516DF131D9F13AB00A7EAAC /* FeedVC.swift */ = {isa = PBXFileReference; fileEncoding = 4; lastKnownFileType = sourcecode.swift; path = FeedVC.swift; sourceTree = "<group>"; };
		3516DF151D9F720B00A7EAAC /* CircleView.swift */ = {isa = PBXFileReference; fileEncoding = 4; lastKnownFileType = sourcecode.swift; path = CircleView.swift; sourceTree = "<group>"; };
		3516DF171DA0762300A7EAAC /* PostCell.swift */ = {isa = PBXFileReference; fileEncoding = 4; lastKnownFileType = sourcecode.swift; path = PostCell.swift; sourceTree = "<group>"; };
		356902E51D91FCAC00BDC1AA /* HypeSocial.app */ = {isa = PBXFileReference; explicitFileType = wrapper.application; includeInIndex = 0; path = HypeSocial.app; sourceTree = BUILT_PRODUCTS_DIR; };
		356902E81D91FCAC00BDC1AA /* AppDelegate.swift */ = {isa = PBXFileReference; lastKnownFileType = sourcecode.swift; path = AppDelegate.swift; sourceTree = "<group>"; };
		356902EA1D91FCAC00BDC1AA /* SignInVC.swift */ = {isa = PBXFileReference; lastKnownFileType = sourcecode.swift; path = SignInVC.swift; sourceTree = "<group>"; };
		356902ED1D91FCAC00BDC1AA /* Base */ = {isa = PBXFileReference; lastKnownFileType = file.storyboard; name = Base; path = Base.lproj/Main.storyboard; sourceTree = "<group>"; };
		356902EF1D91FCAC00BDC1AA /* Assets.xcassets */ = {isa = PBXFileReference; lastKnownFileType = folder.assetcatalog; path = Assets.xcassets; sourceTree = "<group>"; };
		356902F21D91FCAC00BDC1AA /* Base */ = {isa = PBXFileReference; lastKnownFileType = file.storyboard; name = Base; path = Base.lproj/LaunchScreen.storyboard; sourceTree = "<group>"; };
		356902F41D91FCAC00BDC1AA /* Info.plist */ = {isa = PBXFileReference; lastKnownFileType = text.plist.xml; path = Info.plist; sourceTree = "<group>"; };
		356902FA1D91FCE800BDC1AA /* GoogleService-Info.plist */ = {isa = PBXFileReference; fileEncoding = 4; lastKnownFileType = text.plist.xml; path = "GoogleService-Info.plist"; sourceTree = "<group>"; };
		356903001D92341C00BDC1AA /* FancyView.swift */ = {isa = PBXFileReference; fileEncoding = 4; lastKnownFileType = sourcecode.swift; path = FancyView.swift; sourceTree = "<group>"; };
		356903031D9234DA00BDC1AA /* Constants.swift */ = {isa = PBXFileReference; fileEncoding = 4; lastKnownFileType = sourcecode.swift; path = Constants.swift; sourceTree = "<group>"; };
		356903051D9236DC00BDC1AA /* FacebookButton.swift */ = {isa = PBXFileReference; fileEncoding = 4; lastKnownFileType = sourcecode.swift; path = FacebookButton.swift; sourceTree = "<group>"; };
		356903071D92388800BDC1AA /* FancyField.swift */ = {isa = PBXFileReference; fileEncoding = 4; lastKnownFileType = sourcecode.swift; path = FancyField.swift; sourceTree = "<group>"; };
		356903091D923A3700BDC1AA /* FancyButton.swift */ = {isa = PBXFileReference; fileEncoding = 4; lastKnownFileType = sourcecode.swift; path = FancyButton.swift; sourceTree = "<group>"; };
		3569030B1D92FEA800BDC1AA /* HypeSocial.entitlements */ = {isa = PBXFileReference; lastKnownFileType = text.plist.entitlements; path = HypeSocial.entitlements; sourceTree = "<group>"; };
		B223FDD4B4257B26932B0AED /* Pods-HypeSocial.release.xcconfig */ = {isa = PBXFileReference; includeInIndex = 1; lastKnownFileType = text.xcconfig; name = "Pods-HypeSocial.release.xcconfig"; path = "Pods/Target Support Files/Pods-HypeSocial/Pods-HypeSocial.release.xcconfig"; sourceTree = "<group>"; };
		D7CAB89A285F1B5ECF224246 /* Pods_HypeSocial.framework */ = {isa = PBXFileReference; explicitFileType = wrapper.framework; includeInIndex = 0; path = Pods_HypeSocial.framework; sourceTree = BUILT_PRODUCTS_DIR; };
/* End PBXFileReference section */

/* Begin PBXFrameworksBuildPhase section */
		356902E21D91FCAC00BDC1AA /* Frameworks */ = {
			isa = PBXFrameworksBuildPhase;
			buildActionMask = 2147483647;
			files = (
				EC440C27F65D28B7E4422D29 /* Pods_HypeSocial.framework in Frameworks */,
			);
			runOnlyForDeploymentPostprocessing = 0;
		};
/* End PBXFrameworksBuildPhase section */

/* Begin PBXGroup section */
		356902DC1D91FCAC00BDC1AA = {
			isa = PBXGroup;
			children = (
				356902E71D91FCAC00BDC1AA /* HypeSocial */,
				356902E61D91FCAC00BDC1AA /* Products */,
				C7629DCD7FA6B939EB32E99A /* Pods */,
				CB0D9BBE30A7370869E5C7D5 /* Frameworks */,
			);
			sourceTree = "<group>";
		};
		356902E61D91FCAC00BDC1AA /* Products */ = {
			isa = PBXGroup;
			children = (
				356902E51D91FCAC00BDC1AA /* HypeSocial.app */,
			);
			name = Products;
			sourceTree = "<group>";
		};
		356902E71D91FCAC00BDC1AA /* HypeSocial */ = {
			isa = PBXGroup;
			children = (
				3569030B1D92FEA800BDC1AA /* HypeSocial.entitlements */,
				356902FC1D92067200BDC1AA /* Model */,
				356902FD1D92067800BDC1AA /* View */,
				356902FE1D92067C00BDC1AA /* Controller */,
				356902FF1D92068100BDC1AA /* Resources */,
				356903021D9234A500BDC1AA /* Utilities */,
				356902EC1D91FCAC00BDC1AA /* Main.storyboard */,
				356902E81D91FCAC00BDC1AA /* AppDelegate.swift */,
				356902EF1D91FCAC00BDC1AA /* Assets.xcassets */,
				356902F11D91FCAC00BDC1AA /* LaunchScreen.storyboard */,
				356902FA1D91FCE800BDC1AA /* GoogleService-Info.plist */,
				356902F41D91FCAC00BDC1AA /* Info.plist */,
			);
			path = HypeSocial;
			sourceTree = "<group>";
		};
		356902FC1D92067200BDC1AA /* Model */ = {
			isa = PBXGroup;
			children = (
			);
			name = Model;
			sourceTree = "<group>";
		};
		356902FD1D92067800BDC1AA /* View */ = {
			isa = PBXGroup;
			children = (
				356903001D92341C00BDC1AA /* FancyView.swift */,
				356903051D9236DC00BDC1AA /* FacebookButton.swift */,
				356903071D92388800BDC1AA /* FancyField.swift */,
				356903091D923A3700BDC1AA /* FancyButton.swift */,
				3516DF151D9F720B00A7EAAC /* CircleView.swift */,
				3516DF171DA0762300A7EAAC /* PostCell.swift */,
			);
			name = View;
			sourceTree = "<group>";
		};
		356902FE1D92067C00BDC1AA /* Controller */ = {
			isa = PBXGroup;
			children = (
				356902EA1D91FCAC00BDC1AA /* SignInVC.swift */,
				3516DF131D9F13AB00A7EAAC /* FeedVC.swift */,
			);
			name = Controller;
			sourceTree = "<group>";
		};
		356902FF1D92068100BDC1AA /* Resources */ = {
			isa = PBXGroup;
			children = (
			);
			name = Resources;
			sourceTree = "<group>";
		};
		356903021D9234A500BDC1AA /* Utilities */ = {
			isa = PBXGroup;
			children = (
				356903031D9234DA00BDC1AA /* Constants.swift */,
			);
			name = Utilities;
			sourceTree = "<group>";
		};
		C7629DCD7FA6B939EB32E99A /* Pods */ = {
			isa = PBXGroup;
			children = (
				0EDACDD3DA4312D8CF30320B /* Pods-HypeSocial.debug.xcconfig */,
				B223FDD4B4257B26932B0AED /* Pods-HypeSocial.release.xcconfig */,
			);
			name = Pods;
			sourceTree = "<group>";
		};
		CB0D9BBE30A7370869E5C7D5 /* Frameworks */ = {
			isa = PBXGroup;
			children = (
				D7CAB89A285F1B5ECF224246 /* Pods_HypeSocial.framework */,
			);
			name = Frameworks;
			sourceTree = "<group>";
		};
/* End PBXGroup section */

/* Begin PBXNativeTarget section */
		356902E41D91FCAC00BDC1AA /* HypeSocial */ = {
			isa = PBXNativeTarget;
			buildConfigurationList = 356902F71D91FCAC00BDC1AA /* Build configuration list for PBXNativeTarget "HypeSocial" */;
			buildPhases = (
				AB00FA34BCC0BC08A1078BFC /* 📦 Check Pods Manifest.lock */,
				356902E11D91FCAC00BDC1AA /* Sources */,
				356902E21D91FCAC00BDC1AA /* Frameworks */,
				356902E31D91FCAC00BDC1AA /* Resources */,
				52FFC59A952878011B3EA76A /* 📦 Embed Pods Frameworks */,
				DFB24FBE1322C4714E9A400C /* 📦 Copy Pods Resources */,
			);
			buildRules = (
			);
			dependencies = (
			);
			name = HypeSocial;
			productName = HypeSocial;
			productReference = 356902E51D91FCAC00BDC1AA /* HypeSocial.app */;
			productType = "com.apple.product-type.application";
		};
/* End PBXNativeTarget section */

/* Begin PBXProject section */
		356902DD1D91FCAC00BDC1AA /* Project object */ = {
			isa = PBXProject;
			attributes = {
				LastSwiftUpdateCheck = 0800;
				LastUpgradeCheck = 0800;
				ORGANIZATIONNAME = Pelican;
				TargetAttributes = {
					356902E41D91FCAC00BDC1AA = {
						CreatedOnToolsVersion = 8.0;
						DevelopmentTeam = Z65JLH99GY;
						LastSwiftMigration = 0800;
						ProvisioningStyle = Automatic;
						SystemCapabilities = {
							com.apple.Keychain = {
								enabled = 1;
							};
						};
					};
				};
			};
			buildConfigurationList = 356902E01D91FCAC00BDC1AA /* Build configuration list for PBXProject "HypeSocial" */;
			compatibilityVersion = "Xcode 3.2";
			developmentRegion = English;
			hasScannedForEncodings = 0;
			knownRegions = (
				en,
				Base,
			);
			mainGroup = 356902DC1D91FCAC00BDC1AA;
			productRefGroup = 356902E61D91FCAC00BDC1AA /* Products */;
			projectDirPath = "";
			projectRoot = "";
			targets = (
				356902E41D91FCAC00BDC1AA /* HypeSocial */,
			);
		};
/* End PBXProject section */

/* Begin PBXResourcesBuildPhase section */
		356902E31D91FCAC00BDC1AA /* Resources */ = {
			isa = PBXResourcesBuildPhase;
			buildActionMask = 2147483647;
			files = (
				356902F31D91FCAC00BDC1AA /* LaunchScreen.storyboard in Resources */,
				356902FB1D91FCE800BDC1AA /* GoogleService-Info.plist in Resources */,
				356902F01D91FCAC00BDC1AA /* Assets.xcassets in Resources */,
				356902EE1D91FCAC00BDC1AA /* Main.storyboard in Resources */,
			);
			runOnlyForDeploymentPostprocessing = 0;
		};
/* End PBXResourcesBuildPhase section */

/* Begin PBXShellScriptBuildPhase section */
		52FFC59A952878011B3EA76A /* 📦 Embed Pods Frameworks */ = {
			isa = PBXShellScriptBuildPhase;
			buildActionMask = 2147483647;
			files = (
			);
			inputPaths = (
			);
			name = "📦 Embed Pods Frameworks";
			outputPaths = (
			);
			runOnlyForDeploymentPostprocessing = 0;
			shellPath = /bin/sh;
			shellScript = "\"${SRCROOT}/Pods/Target Support Files/Pods-HypeSocial/Pods-HypeSocial-frameworks.sh\"\n";
			showEnvVarsInLog = 0;
		};
		AB00FA34BCC0BC08A1078BFC /* 📦 Check Pods Manifest.lock */ = {
			isa = PBXShellScriptBuildPhase;
			buildActionMask = 2147483647;
			files = (
			);
			inputPaths = (
			);
			name = "📦 Check Pods Manifest.lock";
			outputPaths = (
			);
			runOnlyForDeploymentPostprocessing = 0;
			shellPath = /bin/sh;
			shellScript = "diff \"${PODS_ROOT}/../Podfile.lock\" \"${PODS_ROOT}/Manifest.lock\" > /dev/null\nif [[ $? != 0 ]] ; then\n    cat << EOM\nerror: The sandbox is not in sync with the Podfile.lock. Run 'pod install' or update your CocoaPods installation.\nEOM\n    exit 1\nfi\n";
			showEnvVarsInLog = 0;
		};
		DFB24FBE1322C4714E9A400C /* 📦 Copy Pods Resources */ = {
			isa = PBXShellScriptBuildPhase;
			buildActionMask = 2147483647;
			files = (
			);
			inputPaths = (
			);
			name = "📦 Copy Pods Resources";
			outputPaths = (
			);
			runOnlyForDeploymentPostprocessing = 0;
			shellPath = /bin/sh;
			shellScript = "\"${SRCROOT}/Pods/Target Support Files/Pods-HypeSocial/Pods-HypeSocial-resources.sh\"\n";
			showEnvVarsInLog = 0;
		};
/* End PBXShellScriptBuildPhase section */

/* Begin PBXSourcesBuildPhase section */
		356902E11D91FCAC00BDC1AA /* Sources */ = {
			isa = PBXSourcesBuildPhase;
			buildActionMask = 2147483647;
			files = (
				3516DF161D9F720B00A7EAAC /* CircleView.swift in Sources */,
				356903081D92388800BDC1AA /* FancyField.swift in Sources */,
				356902EB1D91FCAC00BDC1AA /* SignInVC.swift in Sources */,
				356903061D9236DC00BDC1AA /* FacebookButton.swift in Sources */,
				3569030A1D923A3700BDC1AA /* FancyButton.swift in Sources */,
				3516DF141D9F13AB00A7EAAC /* FeedVC.swift in Sources */,
				356902E91D91FCAC00BDC1AA /* AppDelegate.swift in Sources */,
				356903011D92341C00BDC1AA /* FancyView.swift in Sources */,
				356903041D9234DA00BDC1AA /* Constants.swift in Sources */,
				3516DF181DA0762300A7EAAC /* PostCell.swift in Sources */,
			);
			runOnlyForDeploymentPostprocessing = 0;
		};
/* End PBXSourcesBuildPhase section */

/* Begin PBXVariantGroup section */
		356902EC1D91FCAC00BDC1AA /* Main.storyboard */ = {
			isa = PBXVariantGroup;
			children = (
				356902ED1D91FCAC00BDC1AA /* Base */,
			);
			name = Main.storyboard;
			sourceTree = "<group>";
		};
		356902F11D91FCAC00BDC1AA /* LaunchScreen.storyboard */ = {
			isa = PBXVariantGroup;
			children = (
				356902F21D91FCAC00BDC1AA /* Base */,
			);
			name = LaunchScreen.storyboard;
			sourceTree = "<group>";
		};
/* End PBXVariantGroup section */

/* Begin XCBuildConfiguration section */
		356902F51D91FCAC00BDC1AA /* Debug */ = {
			isa = XCBuildConfiguration;
			buildSettings = {
				ALWAYS_SEARCH_USER_PATHS = NO;
				CLANG_ANALYZER_NONNULL = YES;
				CLANG_CXX_LANGUAGE_STANDARD = "gnu++0x";
				CLANG_CXX_LIBRARY = "libc++";
				CLANG_ENABLE_MODULES = YES;
				CLANG_ENABLE_OBJC_ARC = YES;
				CLANG_WARN_BOOL_CONVERSION = YES;
				CLANG_WARN_CONSTANT_CONVERSION = YES;
				CLANG_WARN_DIRECT_OBJC_ISA_USAGE = YES_ERROR;
				CLANG_WARN_DOCUMENTATION_COMMENTS = YES;
				CLANG_WARN_EMPTY_BODY = YES;
				CLANG_WARN_ENUM_CONVERSION = YES;
				CLANG_WARN_INFINITE_RECURSION = YES;
				CLANG_WARN_INT_CONVERSION = YES;
				CLANG_WARN_OBJC_ROOT_CLASS = YES_ERROR;
				CLANG_WARN_SUSPICIOUS_MOVES = YES;
				CLANG_WARN_UNREACHABLE_CODE = YES;
				CLANG_WARN__DUPLICATE_METHOD_MATCH = YES;
				"CODE_SIGN_IDENTITY[sdk=iphoneos*]" = "iPhone Developer";
				COPY_PHASE_STRIP = NO;
				DEBUG_INFORMATION_FORMAT = dwarf;
				ENABLE_STRICT_OBJC_MSGSEND = YES;
				ENABLE_TESTABILITY = YES;
				GCC_C_LANGUAGE_STANDARD = gnu99;
				GCC_DYNAMIC_NO_PIC = NO;
				GCC_NO_COMMON_BLOCKS = YES;
				GCC_OPTIMIZATION_LEVEL = 0;
				GCC_PREPROCESSOR_DEFINITIONS = (
					"DEBUG=1",
					"$(inherited)",
				);
				GCC_WARN_64_TO_32_BIT_CONVERSION = YES;
				GCC_WARN_ABOUT_RETURN_TYPE = YES_ERROR;
				GCC_WARN_UNDECLARED_SELECTOR = YES;
				GCC_WARN_UNINITIALIZED_AUTOS = YES_AGGRESSIVE;
				GCC_WARN_UNUSED_FUNCTION = YES;
				GCC_WARN_UNUSED_VARIABLE = YES;
				IPHONEOS_DEPLOYMENT_TARGET = 10.0;
				MTL_ENABLE_DEBUG_INFO = YES;
				ONLY_ACTIVE_ARCH = YES;
				SDKROOT = iphoneos;
				SWIFT_ACTIVE_COMPILATION_CONDITIONS = DEBUG;
				SWIFT_OPTIMIZATION_LEVEL = "-Onone";
				TARGETED_DEVICE_FAMILY = "1,2";
			};
			name = Debug;
		};
		356902F61D91FCAC00BDC1AA /* Release */ = {
			isa = XCBuildConfiguration;
			buildSettings = {
				ALWAYS_SEARCH_USER_PATHS = NO;
				CLANG_ANALYZER_NONNULL = YES;
				CLANG_CXX_LANGUAGE_STANDARD = "gnu++0x";
				CLANG_CXX_LIBRARY = "libc++";
				CLANG_ENABLE_MODULES = YES;
				CLANG_ENABLE_OBJC_ARC = YES;
				CLANG_WARN_BOOL_CONVERSION = YES;
				CLANG_WARN_CONSTANT_CONVERSION = YES;
				CLANG_WARN_DIRECT_OBJC_ISA_USAGE = YES_ERROR;
				CLANG_WARN_DOCUMENTATION_COMMENTS = YES;
				CLANG_WARN_EMPTY_BODY = YES;
				CLANG_WARN_ENUM_CONVERSION = YES;
				CLANG_WARN_INFINITE_RECURSION = YES;
				CLANG_WARN_INT_CONVERSION = YES;
				CLANG_WARN_OBJC_ROOT_CLASS = YES_ERROR;
				CLANG_WARN_SUSPICIOUS_MOVES = YES;
				CLANG_WARN_UNREACHABLE_CODE = YES;
				CLANG_WARN__DUPLICATE_METHOD_MATCH = YES;
				"CODE_SIGN_IDENTITY[sdk=iphoneos*]" = "iPhone Developer";
				COPY_PHASE_STRIP = NO;
				DEBUG_INFORMATION_FORMAT = "dwarf-with-dsym";
				ENABLE_NS_ASSERTIONS = NO;
				ENABLE_STRICT_OBJC_MSGSEND = YES;
				GCC_C_LANGUAGE_STANDARD = gnu99;
				GCC_NO_COMMON_BLOCKS = YES;
				GCC_WARN_64_TO_32_BIT_CONVERSION = YES;
				GCC_WARN_ABOUT_RETURN_TYPE = YES_ERROR;
				GCC_WARN_UNDECLARED_SELECTOR = YES;
				GCC_WARN_UNINITIALIZED_AUTOS = YES_AGGRESSIVE;
				GCC_WARN_UNUSED_FUNCTION = YES;
				GCC_WARN_UNUSED_VARIABLE = YES;
				IPHONEOS_DEPLOYMENT_TARGET = 10.0;
				MTL_ENABLE_DEBUG_INFO = NO;
				SDKROOT = iphoneos;
				SWIFT_OPTIMIZATION_LEVEL = "-Owholemodule";
				TARGETED_DEVICE_FAMILY = "1,2";
				VALIDATE_PRODUCT = YES;
			};
			name = Release;
		};
		356902F81D91FCAC00BDC1AA /* Debug */ = {
			isa = XCBuildConfiguration;
			baseConfigurationReference = 0EDACDD3DA4312D8CF30320B /* Pods-HypeSocial.debug.xcconfig */;
			buildSettings = {
				ASSETCATALOG_COMPILER_APPICON_NAME = AppIcon;
				CODE_SIGN_ENTITLEMENTS = HypeSocial/HypeSocial.entitlements;
				DEVELOPMENT_TEAM = Z65JLH99GY;
				INFOPLIST_FILE = HypeSocial/Info.plist;
				LD_RUNPATH_SEARCH_PATHS = "$(inherited) @executable_path/Frameworks";
				PRODUCT_BUNDLE_IDENTIFIER = com.Pelican.HypeSocial;
				PRODUCT_NAME = "$(TARGET_NAME)";
				SWIFT_VERSION = 3.0;
			};
			name = Debug;
		};
		356902F91D91FCAC00BDC1AA /* Release */ = {
			isa = XCBuildConfiguration;
			baseConfigurationReference = B223FDD4B4257B26932B0AED /* Pods-HypeSocial.release.xcconfig */;
			buildSettings = {
				ASSETCATALOG_COMPILER_APPICON_NAME = AppIcon;
				CODE_SIGN_ENTITLEMENTS = HypeSocial/HypeSocial.entitlements;
				DEVELOPMENT_TEAM = Z65JLH99GY;
				INFOPLIST_FILE = HypeSocial/Info.plist;
				LD_RUNPATH_SEARCH_PATHS = "$(inherited) @executable_path/Frameworks";
				PRODUCT_BUNDLE_IDENTIFIER = com.Pelican.HypeSocial;
				PRODUCT_NAME = "$(TARGET_NAME)";
				SWIFT_VERSION = 3.0;
			};
			name = Release;
		};
/* End XCBuildConfiguration section */

/* Begin XCConfigurationList section */
		356902E01D91FCAC00BDC1AA /* Build configuration list for PBXProject "HypeSocial" */ = {
			isa = XCConfigurationList;
			buildConfigurations = (
				356902F51D91FCAC00BDC1AA /* Debug */,
				356902F61D91FCAC00BDC1AA /* Release */,
			);
			defaultConfigurationIsVisible = 0;
			defaultConfigurationName = Release;
		};
		356902F71D91FCAC00BDC1AA /* Build configuration list for PBXNativeTarget "HypeSocial" */ = {
			isa = XCConfigurationList;
			buildConfigurations = (
				356902F81D91FCAC00BDC1AA /* Debug */,
				356902F91D91FCAC00BDC1AA /* Release */,
			);
			defaultConfigurationIsVisible = 0;
			defaultConfigurationName = Release;
		};
/* End XCConfigurationList section */
	};
	rootObject = 356902DD1D91FCAC00BDC1AA /* Project object */;
}
